
Microsoft Visual Studio Solution File, Format Version 12.00
# Visual Studio 14
VisualStudioVersion = 14.0.25420.1
MinimumVisualStudioVersion = 10.0.40219.1
Project("{FAE04EC0-301F-11D3-BF4B-00C04F79EFBC}") = "DIP", "DIP\DIP.csproj", "{0038CC06-59EF-4F31-AE4B-67E4A6E4C46A}"
EndProject
Project("{FAE04EC0-301F-11D3-BF4B-00C04F79EFBC}") = "ConsoleApplication1", "ConsoleApplication1\ConsoleApplication1.csproj", "{A9FB9089-8E63-4369-9407-68EFA2E3E6B6}"
EndProject
Project("{FAE04EC0-301F-11D3-BF4B-00C04F79EFBC}") = "Without_DIP", "Without_DIP\Without_DIP.csproj", "{400D710E-3C8A-46AF-A0E2-DA499090C612}"
EndProject
Global
	GlobalSection(SolutionConfigurationPlatforms) = preSolution
		Debug|Any CPU = Debug|Any CPU
		Release|Any CPU = Release|Any CPU
	EndGlobalSection
	GlobalSection(ProjectConfigurationPlatforms) = postSolution
		{0038CC06-59EF-4F31-AE4B-67E4A6E4C46A}.Debug|Any CPU.ActiveCfg = Debug|Any CPU
		{0038CC06-59EF-4F31-AE4B-67E4A6E4C46A}.Debug|Any CPU.Build.0 = Debug|Any CPU
		{0038CC06-59EF-4F31-AE4B-67E4A6E4C46A}.Release|Any CPU.ActiveCfg = Release|Any CPU
		{0038CC06-59EF-4F31-AE4B-67E4A6E4C46A}.Release|Any CPU.Build.0 = Release|Any CPU
		{A9FB9089-8E63-4369-9407-68EFA2E3E6B6}.Debug|Any CPU.ActiveCfg = Debug|Any CPU
		{A9FB9089-8E63-4369-9407-68EFA2E3E6B6}.Debug|Any CPU.Build.0 = Debug|Any CPU
		{A9FB9089-8E63-4369-9407-68EFA2E3E6B6}.Release|Any CPU.ActiveCfg = Release|Any CPU
		{A9FB9089-8E63-4369-9407-68EFA2E3E6B6}.Release|Any CPU.Build.0 = Release|Any CPU
		{400D710E-3C8A-46AF-A0E2-DA499090C612}.Debug|Any CPU.ActiveCfg = Debug|Any CPU
		{400D710E-3C8A-46AF-A0E2-DA499090C612}.Debug|Any CPU.Build.0 = Debug|Any CPU
		{400D710E-3C8A-46AF-A0E2-DA499090C612}.Release|Any CPU.ActiveCfg = Release|Any CPU
		{400D710E-3C8A-46AF-A0E2-DA499090C612}.Release|Any CPU.Build.0 = Release|Any CPU
	EndGlobalSection
	GlobalSection(SolutionProperties) = preSolution
		HideSolutionNode = FALSE
	EndGlobalSection
EndGlobal
